// !$*UTF8*$!
{
	archiveVersion = 1;
	classes = {
	};
	objectVersion = 50;
	objects = {

/* Begin PBXBuildFile section */
		6501218620BE0BAC000EF8B4 /* AppDelegate.swift in Sources */ = {isa = PBXBuildFile; fileRef = 6501218520BE0BAC000EF8B4 /* AppDelegate.swift */; };
		6501218820BE0BAC000EF8B4 /* art.scnassets in Resources */ = {isa = PBXBuildFile; fileRef = 6501218720BE0BAC000EF8B4 /* art.scnassets */; };
		6501218A20BE0BAC000EF8B4 /* ViewController.swift in Sources */ = {isa = PBXBuildFile; fileRef = 6501218920BE0BAC000EF8B4 /* ViewController.swift */; };
		6501218D20BE0BAC000EF8B4 /* Main.storyboard in Resources */ = {isa = PBXBuildFile; fileRef = 6501218B20BE0BAC000EF8B4 /* Main.storyboard */; };
		6501218F20BE0BAE000EF8B4 /* Assets.xcassets in Resources */ = {isa = PBXBuildFile; fileRef = 6501218E20BE0BAE000EF8B4 /* Assets.xcassets */; };
		6501219220BE0BAE000EF8B4 /* LaunchScreen.storyboard in Resources */ = {isa = PBXBuildFile; fileRef = 6501219020BE0BAE000EF8B4 /* LaunchScreen.storyboard */; };
		6501219D20BE0BAE000EF8B4 /* ARappTests.swift in Sources */ = {isa = PBXBuildFile; fileRef = 6501219C20BE0BAE000EF8B4 /* ARappTests.swift */; };
		650121A820BE0BAF000EF8B4 /* ARappUITests.swift in Sources */ = {isa = PBXBuildFile; fileRef = 650121A720BE0BAF000EF8B4 /* ARappUITests.swift */; };
/* End PBXBuildFile section */

/* Begin PBXContainerItemProxy section */
		6501219920BE0BAE000EF8B4 /* PBXContainerItemProxy */ = {
			isa = PBXContainerItemProxy;
			containerPortal = 6501217A20BE0BAC000EF8B4 /* Project object */;
			proxyType = 1;
			remoteGlobalIDString = 6501218120BE0BAC000EF8B4;
			remoteInfo = ARapp;
		};
		650121A420BE0BAF000EF8B4 /* PBXContainerItemProxy */ = {
			isa = PBXContainerItemProxy;
			containerPortal = 6501217A20BE0BAC000EF8B4 /* Project object */;
			proxyType = 1;
			remoteGlobalIDString = 6501218120BE0BAC000EF8B4;
			remoteInfo = ARapp;
		};
/* End PBXContainerItemProxy section */

/* Begin PBXFileReference section */
		6501218220BE0BAC000EF8B4 /* ARapp.app */ = {isa = PBXFileReference; explicitFileType = wrapper.application; includeInIndex = 0; path = ARapp.app; sourceTree = BUILT_PRODUCTS_DIR; };
		6501218520BE0BAC000EF8B4 /* AppDelegate.swift */ = {isa = PBXFileReference; lastKnownFileType = sourcecode.swift; path = AppDelegate.swift; sourceTree = "<group>"; };
		6501218720BE0BAC000EF8B4 /* art.scnassets */ = {isa = PBXFileReference; lastKnownFileType = wrapper.scnassets; path = art.scnassets; sourceTree = "<group>"; };
		6501218920BE0BAC000EF8B4 /* ViewController.swift */ = {isa = PBXFileReference; lastKnownFileType = sourcecode.swift; path = ViewController.swift; sourceTree = "<group>"; };
		6501218C20BE0BAC000EF8B4 /* Base */ = {isa = PBXFileReference; lastKnownFileType = file.storyboard; name = Base; path = Base.lproj/Main.storyboard; sourceTree = "<group>"; };
		6501218E20BE0BAE000EF8B4 /* Assets.xcassets */ = {isa = PBXFileReference; lastKnownFileType = folder.assetcatalog; path = Assets.xcassets; sourceTree = "<group>"; };
		6501219120BE0BAE000EF8B4 /* Base */ = {isa = PBXFileReference; lastKnownFileType = file.storyboard; name = Base; path = Base.lproj/LaunchScreen.storyboard; sourceTree = "<group>"; };
		6501219320BE0BAE000EF8B4 /* Info.plist */ = {isa = PBXFileReference; lastKnownFileType = text.plist.xml; path = Info.plist; sourceTree = "<group>"; };
		6501219820BE0BAE000EF8B4 /* ARappTests.xctest */ = {isa = PBXFileReference; explicitFileType = wrapper.cfbundle; includeInIndex = 0; path = ARappTests.xctest; sourceTree = BUILT_PRODUCTS_DIR; };
		6501219C20BE0BAE000EF8B4 /* ARappTests.swift */ = {isa = PBXFileReference; lastKnownFileType = sourcecode.swift; path = ARappTests.swift; sourceTree = "<group>"; };
		6501219E20BE0BAE000EF8B4 /* Info.plist */ = {isa = PBXFileReference; lastKnownFileType = text.plist.xml; path = Info.plist; sourceTree = "<group>"; };
		650121A320BE0BAE000EF8B4 /* ARappUITests.xctest */ = {isa = PBXFileReference; explicitFileType = wrapper.cfbundle; includeInIndex = 0; path = ARappUITests.xctest; sourceTree = BUILT_PRODUCTS_DIR; };
		650121A720BE0BAF000EF8B4 /* ARappUITests.swift */ = {isa = PBXFileReference; lastKnownFileType = sourcecode.swift; path = ARappUITests.swift; sourceTree = "<group>"; };
		650121A920BE0BAF000EF8B4 /* Info.plist */ = {isa = PBXFileReference; lastKnownFileType = text.plist.xml; path = Info.plist; sourceTree = "<group>"; };
/* End PBXFileReference section */

/* Begin PBXFrameworksBuildPhase section */
		6501217F20BE0BAC000EF8B4 /* Frameworks */ = {
			isa = PBXFrameworksBuildPhase;
			buildActionMask = 2147483647;
			files = (
			);
			runOnlyForDeploymentPostprocessing = 0;
		};
		6501219520BE0BAE000EF8B4 /* Frameworks */ = {
			isa = PBXFrameworksBuildPhase;
			buildActionMask = 2147483647;
			files = (
			);
			runOnlyForDeploymentPostprocessing = 0;
		};
		650121A020BE0BAE000EF8B4 /* Frameworks */ = {
			isa = PBXFrameworksBuildPhase;
			buildActionMask = 2147483647;
			files = (
			);
			runOnlyForDeploymentPostprocessing = 0;
		};
/* End PBXFrameworksBuildPhase section */

/* Begin PBXGroup section */
		6501217920BE0BAC000EF8B4 = {
			isa = PBXGroup;
			children = (
				6501218420BE0BAC000EF8B4 /* ARapp */,
				6501219B20BE0BAE000EF8B4 /* ARappTests */,
				650121A620BE0BAF000EF8B4 /* ARappUITests */,
				6501218320BE0BAC000EF8B4 /* Products */,
			);
			sourceTree = "<group>";
		};
		6501218320BE0BAC000EF8B4 /* Products */ = {
			isa = PBXGroup;
			children = (
				6501218220BE0BAC000EF8B4 /* ARapp.app */,
				6501219820BE0BAE000EF8B4 /* ARappTests.xctest */,
				650121A320BE0BAE000EF8B4 /* ARappUITests.xctest */,
			);
			name = Products;
			sourceTree = "<group>";
		};
		6501218420BE0BAC000EF8B4 /* ARapp */ = {
			isa = PBXGroup;
			children = (
				6501218520BE0BAC000EF8B4 /* AppDelegate.swift */,
				6501218720BE0BAC000EF8B4 /* art.scnassets */,
				6501218920BE0BAC000EF8B4 /* ViewController.swift */,
				6501218B20BE0BAC000EF8B4 /* Main.storyboard */,
				6501218E20BE0BAE000EF8B4 /* Assets.xcassets */,
				6501219020BE0BAE000EF8B4 /* LaunchScreen.storyboard */,
				6501219320BE0BAE000EF8B4 /* Info.plist */,
			);
			path = ARapp;
			sourceTree = "<group>";
		};
		6501219B20BE0BAE000EF8B4 /* ARappTests */ = {
			isa = PBXGroup;
			children = (
				6501219C20BE0BAE000EF8B4 /* ARappTests.swift */,
				6501219E20BE0BAE000EF8B4 /* Info.plist */,
			);
			path = ARappTests;
			sourceTree = "<group>";
		};
		650121A620BE0BAF000EF8B4 /* ARappUITests */ = {
			isa = PBXGroup;
			children = (
				650121A720BE0BAF000EF8B4 /* ARappUITests.swift */,
				650121A920BE0BAF000EF8B4 /* Info.plist */,
			);
			path = ARappUITests;
			sourceTree = "<group>";
		};
/* End PBXGroup section */

/* Begin PBXNativeTarget section */
		6501218120BE0BAC000EF8B4 /* ARapp */ = {
			isa = PBXNativeTarget;
			buildConfigurationList = 650121AC20BE0BAF000EF8B4 /* Build configuration list for PBXNativeTarget "ARapp" */;
			buildPhases = (
				6501217E20BE0BAC000EF8B4 /* Sources */,
				6501217F20BE0BAC000EF8B4 /* Frameworks */,
				6501218020BE0BAC000EF8B4 /* Resources */,
			);
			buildRules = (
			);
			dependencies = (
			);
			name = ARapp;
			productName = ARapp;
			productReference = 6501218220BE0BAC000EF8B4 /* ARapp.app */;
			productType = "com.apple.product-type.application";
		};
		6501219720BE0BAE000EF8B4 /* ARappTests */ = {
			isa = PBXNativeTarget;
			buildConfigurationList = 650121AF20BE0BAF000EF8B4 /* Build configuration list for PBXNativeTarget "ARappTests" */;
			buildPhases = (
				6501219420BE0BAE000EF8B4 /* Sources */,
				6501219520BE0BAE000EF8B4 /* Frameworks */,
				6501219620BE0BAE000EF8B4 /* Resources */,
			);
			buildRules = (
			);
			dependencies = (
				6501219A20BE0BAE000EF8B4 /* PBXTargetDependency */,
			);
			name = ARappTests;
			productName = ARappTests;
			productReference = 6501219820BE0BAE000EF8B4 /* ARappTests.xctest */;
			productType = "com.apple.product-type.bundle.unit-test";
		};
		650121A220BE0BAE000EF8B4 /* ARappUITests */ = {
			isa = PBXNativeTarget;
			buildConfigurationList = 650121B220BE0BAF000EF8B4 /* Build configuration list for PBXNativeTarget "ARappUITests" */;
			buildPhases = (
				6501219F20BE0BAE000EF8B4 /* Sources */,
				650121A020BE0BAE000EF8B4 /* Frameworks */,
				650121A120BE0BAE000EF8B4 /* Resources */,
			);
			buildRules = (
			);
			dependencies = (
				650121A520BE0BAF000EF8B4 /* PBXTargetDependency */,
			);
			name = ARappUITests;
			productName = ARappUITests;
			productReference = 650121A320BE0BAE000EF8B4 /* ARappUITests.xctest */;
			productType = "com.apple.product-type.bundle.ui-testing";
		};
/* End PBXNativeTarget section */

/* Begin PBXProject section */
		6501217A20BE0BAC000EF8B4 /* Project object */ = {
			isa = PBXProject;
			attributes = {
				LastSwiftUpdateCheck = 0930;
				LastUpgradeCheck = 0930;
				ORGANIZATIONNAME = "Patrick Hsuan Hsu";
				TargetAttributes = {
					6501218120BE0BAC000EF8B4 = {
						CreatedOnToolsVersion = 9.3.1;
					};
					6501219720BE0BAE000EF8B4 = {
						CreatedOnToolsVersion = 9.3.1;
						TestTargetID = 6501218120BE0BAC000EF8B4;
					};
					650121A220BE0BAE000EF8B4 = {
						CreatedOnToolsVersion = 9.3.1;
						TestTargetID = 6501218120BE0BAC000EF8B4;
					};
				};
			};
			buildConfigurationList = 6501217D20BE0BAC000EF8B4 /* Build configuration list for PBXProject "ARapp" */;
			compatibilityVersion = "Xcode 9.3";
			developmentRegion = en;
			hasScannedForEncodings = 0;
			knownRegions = (
				en,
				Base,
			);
			mainGroup = 6501217920BE0BAC000EF8B4;
			productRefGroup = 6501218320BE0BAC000EF8B4 /* Products */;
			projectDirPath = "";
			projectRoot = "";
			targets = (
				6501218120BE0BAC000EF8B4 /* ARapp */,
				6501219720BE0BAE000EF8B4 /* ARappTests */,
				650121A220BE0BAE000EF8B4 /* ARappUITests */,
			);
		};
/* End PBXProject section */

/* Begin PBXResourcesBuildPhase section */
		6501218020BE0BAC000EF8B4 /* Resources */ = {
			isa = PBXResourcesBuildPhase;
			buildActionMask = 2147483647;
			files = (
				6501218820BE0BAC000EF8B4 /* art.scnassets in Resources */,
				6501219220BE0BAE000EF8B4 /* LaunchScreen.storyboard in Resources */,
				6501218F20BE0BAE000EF8B4 /* Assets.xcassets in Resources */,
				6501218D20BE0BAC000EF8B4 /* Main.storyboard in Resources */,
			);
			runOnlyForDeploymentPostprocessing = 0;
		};
		6501219620BE0BAE000EF8B4 /* Resources */ = {
			isa = PBXResourcesBuildPhase;
			buildActionMask = 2147483647;
			files = (
			);
			runOnlyForDeploymentPostprocessing = 0;
		};
		650121A120BE0BAE000EF8B4 /* Resources */ = {
			isa = PBXResourcesBuildPhase;
			buildActionMask = 2147483647;
			files = (
			);
			runOnlyForDeploymentPostprocessing = 0;
		};
/* End PBXResourcesBuildPhase section */

/* Begin PBXSourcesBuildPhase section */
		6501217E20BE0BAC000EF8B4 /* Sources */ = {
			isa = PBXSourcesBuildPhase;
			buildActionMask = 2147483647;
			files = (
				6501218A20BE0BAC000EF8B4 /* ViewController.swift in Sources */,
				6501218620BE0BAC000EF8B4 /* AppDelegate.swift in Sources */,
			);
			runOnlyForDeploymentPostprocessing = 0;
		};
		6501219420BE0BAE000EF8B4 /* Sources */ = {
			isa = PBXSourcesBuildPhase;
			buildActionMask = 2147483647;
			files = (
				6501219D20BE0BAE000EF8B4 /* ARappTests.swift in Sources */,
			);
			runOnlyForDeploymentPostprocessing = 0;
		};
		6501219F20BE0BAE000EF8B4 /* Sources */ = {
			isa = PBXSourcesBuildPhase;
			buildActionMask = 2147483647;
			files = (
				650121A820BE0BAF000EF8B4 /* ARappUITests.swift in Sources */,
			);
			runOnlyForDeploymentPostprocessing = 0;
		};
/* End PBXSourcesBuildPhase section */

/* Begin PBXTargetDependency section */
		6501219A20BE0BAE000EF8B4 /* PBXTargetDependency */ = {
			isa = PBXTargetDependency;
			target = 6501218120BE0BAC000EF8B4 /* ARapp */;
			targetProxy = 6501219920BE0BAE000EF8B4 /* PBXContainerItemProxy */;
		};
		650121A520BE0BAF000EF8B4 /* PBXTargetDependency */ = {
			isa = PBXTargetDependency;
			target = 6501218120BE0BAC000EF8B4 /* ARapp */;
			targetProxy = 650121A420BE0BAF000EF8B4 /* PBXContainerItemProxy */;
		};
/* End PBXTargetDependency section */

/* Begin PBXVariantGroup section */
		6501218B20BE0BAC000EF8B4 /* Main.storyboard */ = {
			isa = PBXVariantGroup;
			children = (
				6501218C20BE0BAC000EF8B4 /* Base */,
			);
			name = Main.storyboard;
			sourceTree = "<group>";
		};
		6501219020BE0BAE000EF8B4 /* LaunchScreen.storyboard */ = {
			isa = PBXVariantGroup;
			children = (
				6501219120BE0BAE000EF8B4 /* Base */,
			);
			name = LaunchScreen.storyboard;
			sourceTree = "<group>";
		};
/* End PBXVariantGroup section */

/* Begin XCBuildConfiguration section */
		650121AA20BE0BAF000EF8B4 /* Debug */ = {
			isa = XCBuildConfiguration;
			buildSettings = {
				ALWAYS_SEARCH_USER_PATHS = NO;
				CLANG_ANALYZER_NONNULL = YES;
				CLANG_ANALYZER_NUMBER_OBJECT_CONVERSION = YES_AGGRESSIVE;
				CLANG_CXX_LANGUAGE_STANDARD = "gnu++14";
				CLANG_CXX_LIBRARY = "libc++";
				CLANG_ENABLE_MODULES = YES;
				CLANG_ENABLE_OBJC_ARC = YES;
				CLANG_ENABLE_OBJC_WEAK = YES;
				CLANG_WARN_BLOCK_CAPTURE_AUTORELEASING = YES;
				CLANG_WARN_BOOL_CONVERSION = YES;
				CLANG_WARN_COMMA = YES;
				CLANG_WARN_CONSTANT_CONVERSION = YES;
				CLANG_WARN_DEPRECATED_OBJC_IMPLEMENTATIONS = YES;
				CLANG_WARN_DIRECT_OBJC_ISA_USAGE = YES_ERROR;
				CLANG_WARN_DOCUMENTATION_COMMENTS = YES;
				CLANG_WARN_EMPTY_BODY = YES;
				CLANG_WARN_ENUM_CONVERSION = YES;
				CLANG_WARN_INFINITE_RECURSION = YES;
				CLANG_WARN_INT_CONVERSION = YES;
				CLANG_WARN_NON_LITERAL_NULL_CONVERSION = YES;
				CLANG_WARN_OBJC_IMPLICIT_RETAIN_SELF = YES;
				CLANG_WARN_OBJC_LITERAL_CONVERSION = YES;
				CLANG_WARN_OBJC_ROOT_CLASS = YES_ERROR;
				CLANG_WARN_RANGE_LOOP_ANALYSIS = YES;
				CLANG_WARN_STRICT_PROTOTYPES = YES;
				CLANG_WARN_SUSPICIOUS_MOVE = YES;
				CLANG_WARN_UNGUARDED_AVAILABILITY = YES_AGGRESSIVE;
				CLANG_WARN_UNREACHABLE_CODE = YES;
				CLANG_WARN__DUPLICATE_METHOD_MATCH = YES;
				CODE_SIGN_IDENTITY = "iPhone Developer";
				COPY_PHASE_STRIP = NO;
				DEBUG_INFORMATION_FORMAT = dwarf;
				ENABLE_STRICT_OBJC_MSGSEND = YES;
				ENABLE_TESTABILITY = YES;
				GCC_C_LANGUAGE_STANDARD = gnu11;
				GCC_DYNAMIC_NO_PIC = NO;
				GCC_NO_COMMON_BLOCKS = YES;
				GCC_OPTIMIZATION_LEVEL = 0;
				GCC_PREPROCESSOR_DEFINITIONS = (
					"DEBUG=1",
					"$(inherited)",
				);
				GCC_WARN_64_TO_32_BIT_CONVERSION = YES;
				GCC_WARN_ABOUT_RETURN_TYPE = YES_ERROR;
				GCC_WARN_UNDECLARED_SELECTOR = YES;
				GCC_WARN_UNINITIALIZED_AUTOS = YES_AGGRESSIVE;
				GCC_WARN_UNUSED_FUNCTION = YES;
				GCC_WARN_UNUSED_VARIABLE = YES;
				IPHONEOS_DEPLOYMENT_TARGET = 11.3;
				MTL_ENABLE_DEBUG_INFO = YES;
				ONLY_ACTIVE_ARCH = YES;
				SDKROOT = iphoneos;
				SWIFT_ACTIVE_COMPILATION_CONDITIONS = DEBUG;
				SWIFT_OPTIMIZATION_LEVEL = "-Onone";
			};
			name = Debug;
		};
		650121AB20BE0BAF000EF8B4 /* Release */ = {
			isa = XCBuildConfiguration;
			buildSettings = {
				ALWAYS_SEARCH_USER_PATHS = NO;
				CLANG_ANALYZER_NONNULL = YES;
				CLANG_ANALYZER_NUMBER_OBJECT_CONVERSION = YES_AGGRESSIVE;
				CLANG_CXX_LANGUAGE_STANDARD = "gnu++14";
				CLANG_CXX_LIBRARY = "libc++";
				CLANG_ENABLE_MODULES = YES;
				CLANG_ENABLE_OBJC_ARC = YES;
				CLANG_ENABLE_OBJC_WEAK = YES;
				CLANG_WARN_BLOCK_CAPTURE_AUTORELEASING = YES;
				CLANG_WARN_BOOL_CONVERSION = YES;
				CLANG_WARN_COMMA = YES;
				CLANG_WARN_CONSTANT_CONVERSION = YES;
				CLANG_WARN_DEPRECATED_OBJC_IMPLEMENTATIONS = YES;
				CLANG_WARN_DIRECT_OBJC_ISA_USAGE = YES_ERROR;
				CLANG_WARN_DOCUMENTATION_COMMENTS = YES;
				CLANG_WARN_EMPTY_BODY = YES;
				CLANG_WARN_ENUM_CONVERSION = YES;
				CLANG_WARN_INFINITE_RECURSION = YES;
				CLANG_WARN_INT_CONVERSION = YES;
				CLANG_WARN_NON_LITERAL_NULL_CONVERSION = YES;
				CLANG_WARN_OBJC_IMPLICIT_RETAIN_SELF = YES;
				CLANG_WARN_OBJC_LITERAL_CONVERSION = YES;
				CLANG_WARN_OBJC_ROOT_CLASS = YES_ERROR;
				CLANG_WARN_RANGE_LOOP_ANALYSIS = YES;
				CLANG_WARN_STRICT_PROTOTYPES = YES;
				CLANG_WARN_SUSPICIOUS_MOVE = YES;
				CLANG_WARN_UNGUARDED_AVAILABILITY = YES_AGGRESSIVE;
				CLANG_WARN_UNREACHABLE_CODE = YES;
				CLANG_WARN__DUPLICATE_METHOD_MATCH = YES;
				CODE_SIGN_IDENTITY = "iPhone Developer";
				COPY_PHASE_STRIP = NO;
				DEBUG_INFORMATION_FORMAT = "dwarf-with-dsym";
				ENABLE_NS_ASSERTIONS = NO;
				ENABLE_STRICT_OBJC_MSGSEND = YES;
				GCC_C_LANGUAGE_STANDARD = gnu11;
				GCC_NO_COMMON_BLOCKS = YES;
				GCC_WARN_64_TO_32_BIT_CONVERSION = YES;
				GCC_WARN_ABOUT_RETURN_TYPE = YES_ERROR;
				GCC_WARN_UNDECLARED_SELECTOR = YES;
				GCC_WARN_UNINITIALIZED_AUTOS = YES_AGGRESSIVE;
				GCC_WARN_UNUSED_FUNCTION = YES;
				GCC_WARN_UNUSED_VARIABLE = YES;
				IPHONEOS_DEPLOYMENT_TARGET = 11.3;
				MTL_ENABLE_DEBUG_INFO = NO;
				SDKROOT = iphoneos;
				SWIFT_COMPILATION_MODE = wholemodule;
				SWIFT_OPTIMIZATION_LEVEL = "-O";
				VALIDATE_PRODUCT = YES;
			};
			name = Release;
		};
		650121AD20BE0BAF000EF8B4 /* Debug */ = {
			isa = XCBuildConfiguration;
			buildSettings = {
				ASSETCATALOG_COMPILER_APPICON_NAME = AppIcon;
				CODE_SIGN_STYLE = Automatic;
				DEVELOPMENT_TEAM = CB3S8YFKKN;
				INFOPLIST_FILE = ARapp/Info.plist;
				LD_RUNPATH_SEARCH_PATHS = (
					"$(inherited)",
					"@executable_path/Frameworks",
				);
				PRODUCT_BUNDLE_IDENTIFIER = patrickhsu.ARapp;
				PRODUCT_NAME = "$(TARGET_NAME)";
				SWIFT_VERSION = 4.0;
				TARGETED_DEVICE_FAMILY = "1,2";
			};
			name = Debug;
		};
		650121AE20BE0BAF000EF8B4 /* Release */ = {
			isa = XCBuildConfiguration;
			buildSettings = {
				ASSETCATALOG_COMPILER_APPICON_NAME = AppIcon;
				CODE_SIGN_STYLE = Automatic;
				DEVELOPMENT_TEAM = CB3S8YFKKN;
				INFOPLIST_FILE = ARapp/Info.plist;
				LD_RUNPATH_SEARCH_PATHS = (
					"$(inherited)",
					"@executable_path/Frameworks",
				);
				PRODUCT_BUNDLE_IDENTIFIER = patrickhsu.ARapp;
				PRODUCT_NAME = "$(TARGET_NAME)";
				SWIFT_VERSION = 4.0;
				TARGETED_DEVICE_FAMILY = "1,2";
			};
			name = Release;
		};
		650121B020BE0BAF000EF8B4 /* Debug */ = {
			isa = XCBuildConfiguration;
			buildSettings = {
				ALWAYS_EMBED_SWIFT_STANDARD_LIBRARIES = YES;
				BUNDLE_LOADER = "$(TEST_HOST)";
				CODE_SIGN_STYLE = Automatic;
				DEVELOPMENT_TEAM = CB3S8YFKKN;
				INFOPLIST_FILE = ARappTests/Info.plist;
				LD_RUNPATH_SEARCH_PATHS = (
					"$(inherited)",
					"@executable_path/Frameworks",
					"@loader_path/Frameworks",
				);
				PRODUCT_BUNDLE_IDENTIFIER = patrickhsu.ARappTests;
				PRODUCT_NAME = "$(TARGET_NAME)";
				SWIFT_VERSION = 4.0;
				TARGETED_DEVICE_FAMILY = "1,2";
				TEST_HOST = "$(BUILT_PRODUCTS_DIR)/ARapp.app/ARapp";
			};
			name = Debug;
		};
		650121B120BE0BAF000EF8B4 /* Release */ = {
			isa = XCBuildConfiguration;
			buildSettings = {
				ALWAYS_EMBED_SWIFT_STANDARD_LIBRARIES = YES;
				BUNDLE_LOADER = "$(TEST_HOST)";
				CODE_SIGN_STYLE = Automatic;
				DEVELOPMENT_TEAM = CB3S8YFKKN;
				INFOPLIST_FILE = ARappTests/Info.plist;
				LD_RUNPATH_SEARCH_PATHS = (
					"$(inherited)",
					"@executable_path/Frameworks",
					"@loader_path/Frameworks",
				);
				PRODUCT_BUNDLE_IDENTIFIER = patrickhsu.ARappTests;
				PRODUCT_NAME = "$(TARGET_NAME)";
				SWIFT_VERSION = 4.0;
				TARGETED_DEVICE_FAMILY = "1,2";
				TEST_HOST = "$(BUILT_PRODUCTS_DIR)/ARapp.app/ARapp";
			};
			name = Release;
		};
		650121B320BE0BAF000EF8B4 /* Debug */ = {
			isa = XCBuildConfiguration;
			buildSettings = {
				ALWAYS_EMBED_SWIFT_STANDARD_LIBRARIES = YES;
				CODE_SIGN_STYLE = Automatic;
				DEVELOPMENT_TEAM = CB3S8YFKKN;
				INFOPLIST_FILE = ARappUITests/Info.plist;
				LD_RUNPATH_SEARCH_PATHS = (
					"$(inherited)",
					"@executable_path/Frameworks",
					"@loader_path/Frameworks",
				);
				PRODUCT_BUNDLE_IDENTIFIER = patrickhsu.ARappUITests;
				PRODUCT_NAME = "$(TARGET_NAME)";
				SWIFT_VERSION = 4.0;
				TARGETED_DEVICE_FAMILY = "1,2";
				TEST_TARGET_NAME = ARapp;
			};
			name = Debug;
		};
		650121B420BE0BAF000EF8B4 /* Release */ = {
			isa = XCBuildConfiguration;
			buildSettings = {
				ALWAYS_EMBED_SWIFT_STANDARD_LIBRARIES = YES;
				CODE_SIGN_STYLE = Automatic;
				DEVELOPMENT_TEAM = CB3S8YFKKN;
				INFOPLIST_FILE = ARappUITests/Info.plist;
				LD_RUNPATH_SEARCH_PATHS = (
					"$(inherited)",
					"@executable_path/Frameworks",
					"@loader_path/Frameworks",
				);
				PRODUCT_BUNDLE_IDENTIFIER = patrickhsu.ARappUITests;
				PRODUCT_NAME = "$(TARGET_NAME)";
				SWIFT_VERSION = 4.0;
				TARGETED_DEVICE_FAMILY = "1,2";
				TEST_TARGET_NAME = ARapp;
			};
			name = Release;
		};
/* End XCBuildConfiguration section */

/* Begin XCConfigurationList section */
		6501217D20BE0BAC000EF8B4 /* Build configuration list for PBXProject "ARapp" */ = {
			isa = XCConfigurationList;
			buildConfigurations = (
				650121AA20BE0BAF000EF8B4 /* Debug */,
				650121AB20BE0BAF000EF8B4 /* Release */,
			);
			defaultConfigurationIsVisible = 0;
			defaultConfigurationName = Release;
		};
		650121AC20BE0BAF000EF8B4 /* Build configuration list for PBXNativeTarget "ARapp" */ = {
			isa = XCConfigurationList;
			buildConfigurations = (
				650121AD20BE0BAF000EF8B4 /* Debug */,
				650121AE20BE0BAF000EF8B4 /* Release */,
			);
			defaultConfigurationIsVisible = 0;
			defaultConfigurationName = Release;
		};
		650121AF20BE0BAF000EF8B4 /* Build configuration list for PBXNativeTarget "ARappTests" */ = {
			isa = XCConfigurationList;
			buildConfigurations = (
				650121B020BE0BAF000EF8B4 /* Debug */,
				650121B120BE0BAF000EF8B4 /* Release */,
			);
			defaultConfigurationIsVisible = 0;
			defaultConfigurationName = Release;
		};
		650121B220BE0BAF000EF8B4 /* Build configuration list for PBXNativeTarget "ARappUITests" */ = {
			isa = XCConfigurationList;
			buildConfigurations = (
				650121B320BE0BAF000EF8B4 /* Debug */,
				650121B420BE0BAF000EF8B4 /* Release */,
			);
			defaultConfigurationIsVisible = 0;
			defaultConfigurationName = Release;
		};
/* End XCConfigurationList section */
	};
	rootObject = 6501217A20BE0BAC000EF8B4 /* Project object */;
}
